{
  "name": "nasikh-nexus",
  "lockfileVersion": 3,
  "requires": true,
  "packages": {
    "": {
      "dependencies": {
        "turath-sdk": "^1.0.0"
      }
    },
    "node_modules/turath-sdk": {
      "version": "1.0.0",
      "resolved": "https://registry.npmjs.org/turath-sdk/-/turath-sdk-1.0.0.tgz",
      "integrity": "sha512-d8xLGJiohtuTsOssTF1r0rkhobFIaGE67jaR5uOcSBjtI41aBRTkKVgXFelYpnFIP9vkylCicyLXPqd6VUXP1Q==",
      "license": "MIT",
      "dependencies": {
        "wretch": "^2.10.0"
      },
      "engines": {
        "node": ">=20.0.0"
      }
    },
    "node_modules/wretch": {
      "version": "2.11.0",
      "resolved": "https://registry.npmjs.org/wretch/-/wretch-2.11.0.tgz",
      "integrity": "sha512-zbFW4PnPSS5RFQabHRkCAcMQjmFGrEQLcJwYe4YGXL9KWXneu03Dtaz2JUeqEkOwNDMjdfHEHPL+AIZJwE+y1g==",
      "license": "MIT",
      "engines": {
        "node": ">=14"
      }
    }
  }
}
